
Microsoft Visual Studio Solution File, Format Version 12.00
# Visual Studio 2012
Project("{FAE04EC0-301F-11D3-BF4B-00C04F79EFBC}") = "Avalon", "Avalon\Avalon\Avalon.csproj", "{CC42CCF2-FAEC-445F-8C3C-4F576919A39F}"
EndProject
Project("{96E2B04D-8817-42C6-938A-82C39BA4D311}") = "AvalonContent", "Avalon\AvalonContent\AvalonContent.contentproj", "{9ED13FEA-1670-489D-A285-07504A940432}"
EndProject
Global
	GlobalSection(SolutionConfigurationPlatforms) = preSolution
		Debug|x86 = Debug|x86
		Release|x86 = Release|x86
	EndGlobalSection
	GlobalSection(ProjectConfigurationPlatforms) = postSolution
		{CC42CCF2-FAEC-445F-8C3C-4F576919A39F}.Debug|x86.ActiveCfg = Debug|x86
		{CC42CCF2-FAEC-445F-8C3C-4F576919A39F}.Debug|x86.Build.0 = Debug|x86
		{CC42CCF2-FAEC-445F-8C3C-4F576919A39F}.Release|x86.ActiveCfg = Release|x86
		{CC42CCF2-FAEC-445F-8C3C-4F576919A39F}.Release|x86.Build.0 = Release|x86
		{9ED13FEA-1670-489D-A285-07504A940432}.Debug|x86.ActiveCfg = Debug|x86
		{9ED13FEA-1670-489D-A285-07504A940432}.Release|x86.ActiveCfg = Release|x86
	EndGlobalSection
	GlobalSection(SolutionProperties) = preSolution
		HideSolutionNode = FALSE
	EndGlobalSection
EndGlobal
